
Microsoft Visual Studio Solution File, Format Version 12.00
# Visual Studio Version 16
VisualStudioVersion = 16.0.29613.14
MinimumVisualStudioVersion = 10.0.40219.1
Project("{FAE04EC0-301F-11D3-BF4B-00C04F79EFBC}") = "Chronometer", "Chronometer\Chronometer.csproj", "{DBB8F04F-B5AF-4A20-86F3-D7AFD2B0EF0F}"
EndProject
Global
	GlobalSection(SolutionConfigurationPlatforms) = preSolution
		Debug|Any CPU = Debug|Any CPU
		Release|Any CPU = Release|Any CPU
	EndGlobalSection
	GlobalSection(ProjectConfigurationPlatforms) = postSolution
		{DBB8F04F-B5AF-4A20-86F3-D7AFD2B0EF0F}.Debug|Any CPU.ActiveCfg = Debug|Any CPU
		{DBB8F04F-B5AF-4A20-86F3-D7AFD2B0EF0F}.Debug|Any CPU.Build.0 = Debug|Any CPU
		{DBB8F04F-B5AF-4A20-86F3-D7AFD2B0EF0F}.Release|Any CPU.ActiveCfg = Release|Any CPU
		{DBB8F04F-B5AF-4A20-86F3-D7AFD2B0EF0F}.Release|Any CPU.Build.0 = Release|Any CPU
	EndGlobalSection
	GlobalSection(SolutionProperties) = preSolution
		HideSolutionNode = FALSE
	EndGlobalSection
	GlobalSection(ExtensibilityGlobals) = postSolution
		SolutionGuid = {09008142-D5D9-466F-BEAC-DA79460B1326}
	EndGlobalSection
EndGlobal
